
Microsoft Visual Studio Solution File, Format Version 12.00
# Visual Studio 15
VisualStudioVersion = 15.0.26730.16
MinimumVisualStudioVersion = 10.0.40219.1
Project("{FAE04EC0-301F-11D3-BF4B-00C04F79EFBC}") = "DebuggingWpf", "DebuggingWpf\DebuggingWpf.csproj", "{D6CE91C9-D833-4568-A90E-580B50D65E87}"
EndProject
Global
	GlobalSection(SolutionConfigurationPlatforms) = preSolution
		Debug|Any CPU = Debug|Any CPU
		Release|Any CPU = Release|Any CPU
	EndGlobalSection
	GlobalSection(ProjectConfigurationPlatforms) = postSolution
		{D6CE91C9-D833-4568-A90E-580B50D65E87}.Debug|Any CPU.ActiveCfg = Debug|Any CPU
		{D6CE91C9-D833-4568-A90E-580B50D65E87}.Debug|Any CPU.Build.0 = Debug|Any CPU
		{D6CE91C9-D833-4568-A90E-580B50D65E87}.Release|Any CPU.ActiveCfg = Release|Any CPU
		{D6CE91C9-D833-4568-A90E-580B50D65E87}.Release|Any CPU.Build.0 = Release|Any CPU
	EndGlobalSection
	GlobalSection(SolutionProperties) = preSolution
		HideSolutionNode = FALSE
	EndGlobalSection
	GlobalSection(ExtensibilityGlobals) = postSolution
		SolutionGuid = {B5A16794-A78D-41DE-8AD0-5EA36AC866AE}
	EndGlobalSection
EndGlobal
