
Microsoft Visual Studio Solution File, Format Version 12.00
# Visual Studio 15
VisualStudioVersion = 15.0.27004.2010
MinimumVisualStudioVersion = 10.0.40219.1
Project("{FAE04EC0-301F-11D3-BF4B-00C04F79EFBC}") = "App4StrXamUwp.Android", "App4StrXamUwp\App4StrXamUwp.Android\App4StrXamUwp.Android.csproj", "{FB083AC6-FDD3-4D09-B6F7-A69E69F2EFD5}"
EndProject
Project("{FAE04EC0-301F-11D3-BF4B-00C04F79EFBC}") = "App4StrXamUwp", "App4StrXamUwp\App4StrXamUwp\App4StrXamUwp.csproj", "{3C403789-F244-4498-9EA9-3165EFBD7845}"
EndProject
Project("{FAE04EC0-301F-11D3-BF4B-00C04F79EFBC}") = "App4StrXamUwp.UWP", "App4StrXamUwp\App4StrXamUwp.UWP\App4StrXamUwp.UWP.csproj", "{273D99D2-C1DE-433C-8223-53D34B6B79F2}"
EndProject
Project("{FAE04EC0-301F-11D3-BF4B-00C04F79EFBC}") = "App4StrXamUwp.iOS", "App4StrXamUwp\App4StrXamUwp.iOS\App4StrXamUwp.iOS.csproj", "{D49A8D2B-68B5-48F4-93DE-E863B4776ECA}"
EndProject
Global
	GlobalSection(SolutionConfigurationPlatforms) = preSolution
		Ad-Hoc|Any CPU = Ad-Hoc|Any CPU
		Ad-Hoc|ARM = Ad-Hoc|ARM
		Ad-Hoc|iPhone = Ad-Hoc|iPhone
		Ad-Hoc|iPhoneSimulator = Ad-Hoc|iPhoneSimulator
		Ad-Hoc|x64 = Ad-Hoc|x64
		Ad-Hoc|x86 = Ad-Hoc|x86
		AppStore|Any CPU = AppStore|Any CPU
		AppStore|ARM = AppStore|ARM
		AppStore|iPhone = AppStore|iPhone
		AppStore|iPhoneSimulator = AppStore|iPhoneSimulator
		AppStore|x64 = AppStore|x64
		AppStore|x86 = AppStore|x86
		Debug|Any CPU = Debug|Any CPU
		Debug|ARM = Debug|ARM
		Debug|iPhone = Debug|iPhone
		Debug|iPhoneSimulator = Debug|iPhoneSimulator
		Debug|x64 = Debug|x64
		Debug|x86 = Debug|x86
		Release|Any CPU = Release|Any CPU
		Release|ARM = Release|ARM
		Release|iPhone = Release|iPhone
		Release|iPhoneSimulator = Release|iPhoneSimulator
		Release|x64 = Release|x64
		Release|x86 = Release|x86
	EndGlobalSection
	GlobalSection(ProjectConfigurationPlatforms) = postSolution
		{FB083AC6-FDD3-4D09-B6F7-A69E69F2EFD5}.Ad-Hoc|Any CPU.ActiveCfg = Release|Any CPU
		{FB083AC6-FDD3-4D09-B6F7-A69E69F2EFD5}.Ad-Hoc|Any CPU.Build.0 = Release|Any CPU
		{FB083AC6-FDD3-4D09-B6F7-A69E69F2EFD5}.Ad-Hoc|Any CPU.Deploy.0 = Release|Any CPU
		{FB083AC6-FDD3-4D09-B6F7-A69E69F2EFD5}.Ad-Hoc|ARM.ActiveCfg = Release|Any CPU
		{FB083AC6-FDD3-4D09-B6F7-A69E69F2EFD5}.Ad-Hoc|ARM.Build.0 = Release|Any CPU
		{FB083AC6-FDD3-4D09-B6F7-A69E69F2EFD5}.Ad-Hoc|ARM.Deploy.0 = Release|Any CPU
		{FB083AC6-FDD3-4D09-B6F7-A69E69F2EFD5}.Ad-Hoc|iPhone.ActiveCfg = Release|Any CPU
		{FB083AC6-FDD3-4D09-B6F7-A69E69F2EFD5}.Ad-Hoc|iPhone.Build.0 = Release|Any CPU
		{FB083AC6-FDD3-4D09-B6F7-A69E69F2EFD5}.Ad-Hoc|iPhone.Deploy.0 = Release|Any CPU
		{FB083AC6-FDD3-4D09-B6F7-A69E69F2EFD5}.Ad-Hoc|iPhoneSimulator.ActiveCfg = Release|Any CPU
		{FB083AC6-FDD3-4D09-B6F7-A69E69F2EFD5}.Ad-Hoc|iPhoneSimulator.Build.0 = Release|Any CPU
		{FB083AC6-FDD3-4D09-B6F7-A69E69F2EFD5}.Ad-Hoc|iPhoneSimulator.Deploy.0 = Release|Any CPU
		{FB083AC6-FDD3-4D09-B6F7-A69E69F2EFD5}.Ad-Hoc|x64.ActiveCfg = Release|Any CPU
		{FB083AC6-FDD3-4D09-B6F7-A69E69F2EFD5}.Ad-Hoc|x64.Build.0 = Release|Any CPU
		{FB083AC6-FDD3-4D09-B6F7-A69E69F2EFD5}.Ad-Hoc|x64.Deploy.0 = Release|Any CPU
		{FB083AC6-FDD3-4D09-B6F7-A69E69F2EFD5}.Ad-Hoc|x86.ActiveCfg = Release|Any CPU
		{FB083AC6-FDD3-4D09-B6F7-A69E69F2EFD5}.Ad-Hoc|x86.Build.0 = Release|Any CPU
		{FB083AC6-FDD3-4D09-B6F7-A69E69F2EFD5}.Ad-Hoc|x86.Deploy.0 = Release|Any CPU
		{FB083AC6-FDD3-4D09-B6F7-A69E69F2EFD5}.AppStore|Any CPU.ActiveCfg = Release|Any CPU
		{FB083AC6-FDD3-4D09-B6F7-A69E69F2EFD5}.AppStore|Any CPU.Build.0 = Release|Any CPU
		{FB083AC6-FDD3-4D09-B6F7-A69E69F2EFD5}.AppStore|Any CPU.Deploy.0 = Release|Any CPU
		{FB083AC6-FDD3-4D09-B6F7-A69E69F2EFD5}.AppStore|ARM.ActiveCfg = Release|Any CPU
		{FB083AC6-FDD3-4D09-B6F7-A69E69F2EFD5}.AppStore|ARM.Build.0 = Release|Any CPU
		{FB083AC6-FDD3-4D09-B6F7-A69E69F2EFD5}.AppStore|ARM.Deploy.0 = Release|Any CPU
		{FB083AC6-FDD3-4D09-B6F7-A69E69F2EFD5}.AppStore|iPhone.ActiveCfg = Release|Any CPU
		{FB083AC6-FDD3-4D09-B6F7-A69E69F2EFD5}.AppStore|iPhone.Build.0 = Release|Any CPU
		{FB083AC6-FDD3-4D09-B6F7-A69E69F2EFD5}.AppStore|iPhone.Deploy.0 = Release|Any CPU
		{FB083AC6-FDD3-4D09-B6F7-A69E69F2EFD5}.AppStore|iPhoneSimulator.ActiveCfg = Release|Any CPU
		{FB083AC6-FDD3-4D09-B6F7-A69E69F2EFD5}.AppStore|iPhoneSimulator.Build.0 = Release|Any CPU
		{FB083AC6-FDD3-4D09-B6F7-A69E69F2EFD5}.AppStore|iPhoneSimulator.Deploy.0 = Release|Any CPU
		{FB083AC6-FDD3-4D09-B6F7-A69E69F2EFD5}.AppStore|x64.ActiveCfg = Release|Any CPU
		{FB083AC6-FDD3-4D09-B6F7-A69E69F2EFD5}.AppStore|x64.Build.0 = Release|Any CPU
		{FB083AC6-FDD3-4D09-B6F7-A69E69F2EFD5}.AppStore|x64.Deploy.0 = Release|Any CPU
		{FB083AC6-FDD3-4D09-B6F7-A69E69F2EFD5}.AppStore|x86.ActiveCfg = Release|Any CPU
		{FB083AC6-FDD3-4D09-B6F7-A69E69F2EFD5}.AppStore|x86.Build.0 = Release|Any CPU
		{FB083AC6-FDD3-4D09-B6F7-A69E69F2EFD5}.AppStore|x86.Deploy.0 = Release|Any CPU
		{FB083AC6-FDD3-4D09-B6F7-A69E69F2EFD5}.Debug|Any CPU.ActiveCfg = Debug|Any CPU
		{FB083AC6-FDD3-4D09-B6F7-A69E69F2EFD5}.Debug|Any CPU.Build.0 = Debug|Any CPU
		{FB083AC6-FDD3-4D09-B6F7-A69E69F2EFD5}.Debug|Any CPU.Deploy.0 = Debug|Any CPU
		{FB083AC6-FDD3-4D09-B6F7-A69E69F2EFD5}.Debug|ARM.ActiveCfg = Debug|Any CPU
		{FB083AC6-FDD3-4D09-B6F7-A69E69F2EFD5}.Debug|ARM.Build.0 = Debug|Any CPU
		{FB083AC6-FDD3-4D09-B6F7-A69E69F2EFD5}.Debug|ARM.Deploy.0 = Debug|Any CPU
		{FB083AC6-FDD3-4D09-B6F7-A69E69F2EFD5}.Debug|iPhone.ActiveCfg = Debug|Any CPU
		{FB083AC6-FDD3-4D09-B6F7-A69E69F2EFD5}.Debug|iPhone.Build.0 = Debug|Any CPU
		{FB083AC6-FDD3-4D09-B6F7-A69E69F2EFD5}.Debug|iPhone.Deploy.0 = Debug|Any CPU
		{FB083AC6-FDD3-4D09-B6F7-A69E69F2EFD5}.Debug|iPhoneSimulator.ActiveCfg = Debug|Any CPU
		{FB083AC6-FDD3-4D09-B6F7-A69E69F2EFD5}.Debug|iPhoneSimulator.Build.0 = Debug|Any CPU
		{FB083AC6-FDD3-4D09-B6F7-A69E69F2EFD5}.Debug|iPhoneSimulator.Deploy.0 = Debug|Any CPU
		{FB083AC6-FDD3-4D09-B6F7-A69E69F2EFD5}.Debug|x64.ActiveCfg = Debug|Any CPU
		{FB083AC6-FDD3-4D09-B6F7-A69E69F2EFD5}.Debug|x64.Build.0 = Debug|Any CPU
		{FB083AC6-FDD3-4D09-B6F7-A69E69F2EFD5}.Debug|x64.Deploy.0 = Debug|Any CPU
		{FB083AC6-FDD3-4D09-B6F7-A69E69F2EFD5}.Debug|x86.ActiveCfg = Debug|Any CPU
		{FB083AC6-FDD3-4D09-B6F7-A69E69F2EFD5}.Debug|x86.Build.0 = Debug|Any CPU
		{FB083AC6-FDD3-4D09-B6F7-A69E69F2EFD5}.Debug|x86.Deploy.0 = Debug|Any CPU
		{FB083AC6-FDD3-4D09-B6F7-A69E69F2EFD5}.Release|Any CPU.ActiveCfg = Release|Any CPU
		{FB083AC6-FDD3-4D09-B6F7-A69E69F2EFD5}.Release|Any CPU.Build.0 = Release|Any CPU
		{FB083AC6-FDD3-4D09-B6F7-A69E69F2EFD5}.Release|Any CPU.Deploy.0 = Release|Any CPU
		{FB083AC6-FDD3-4D09-B6F7-A69E69F2EFD5}.Release|ARM.ActiveCfg = Release|Any CPU
		{FB083AC6-FDD3-4D09-B6F7-A69E69F2EFD5}.Release|ARM.Build.0 = Release|Any CPU
		{FB083AC6-FDD3-4D09-B6F7-A69E69F2EFD5}.Release|ARM.Deploy.0 = Release|Any CPU
		{FB083AC6-FDD3-4D09-B6F7-A69E69F2EFD5}.Release|iPhone.ActiveCfg = Release|Any CPU
		{FB083AC6-FDD3-4D09-B6F7-A69E69F2EFD5}.Release|iPhone.Build.0 = Release|Any CPU
		{FB083AC6-FDD3-4D09-B6F7-A69E69F2EFD5}.Release|iPhone.Deploy.0 = Release|Any CPU
		{FB083AC6-FDD3-4D09-B6F7-A69E69F2EFD5}.Release|iPhoneSimulator.ActiveCfg = Release|Any CPU
		{FB083AC6-FDD3-4D09-B6F7-A69E69F2EFD5}.Release|iPhoneSimulator.Build.0 = Release|Any CPU
		{FB083AC6-FDD3-4D09-B6F7-A69E69F2EFD5}.Release|iPhoneSimulator.Deploy.0 = Release|Any CPU
		{FB083AC6-FDD3-4D09-B6F7-A69E69F2EFD5}.Release|x64.ActiveCfg = Release|Any CPU
		{FB083AC6-FDD3-4D09-B6F7-A69E69F2EFD5}.Release|x64.Build.0 = Release|Any CPU
		{FB083AC6-FDD3-4D09-B6F7-A69E69F2EFD5}.Release|x64.Deploy.0 = Release|Any CPU
		{FB083AC6-FDD3-4D09-B6F7-A69E69F2EFD5}.Release|x86.ActiveCfg = Release|Any CPU
		{FB083AC6-FDD3-4D09-B6F7-A69E69F2EFD5}.Release|x86.Build.0 = Release|Any CPU
		{FB083AC6-FDD3-4D09-B6F7-A69E69F2EFD5}.Release|x86.Deploy.0 = Release|Any CPU
		{3C403789-F244-4498-9EA9-3165EFBD7845}.Ad-Hoc|Any CPU.ActiveCfg = Release|Any CPU
		{3C403789-F244-4498-9EA9-3165EFBD7845}.Ad-Hoc|Any CPU.Build.0 = Release|Any CPU
		{3C403789-F244-4498-9EA9-3165EFBD7845}.Ad-Hoc|ARM.ActiveCfg = Release|Any CPU
		{3C403789-F244-4498-9EA9-3165EFBD7845}.Ad-Hoc|ARM.Build.0 = Release|Any CPU
		{3C403789-F244-4498-9EA9-3165EFBD7845}.Ad-Hoc|iPhone.ActiveCfg = Release|Any CPU
		{3C403789-F244-4498-9EA9-3165EFBD7845}.Ad-Hoc|iPhone.Build.0 = Release|Any CPU
		{3C403789-F244-4498-9EA9-3165EFBD7845}.Ad-Hoc|iPhoneSimulator.ActiveCfg = Release|Any CPU
		{3C403789-F244-4498-9EA9-3165EFBD7845}.Ad-Hoc|iPhoneSimulator.Build.0 = Release|Any CPU
		{3C403789-F244-4498-9EA9-3165EFBD7845}.Ad-Hoc|x64.ActiveCfg = Release|Any CPU
		{3C403789-F244-4498-9EA9-3165EFBD7845}.Ad-Hoc|x64.Build.0 = Release|Any CPU
		{3C403789-F244-4498-9EA9-3165EFBD7845}.Ad-Hoc|x86.ActiveCfg = Release|Any CPU
		{3C403789-F244-4498-9EA9-3165EFBD7845}.Ad-Hoc|x86.Build.0 = Release|Any CPU
		{3C403789-F244-4498-9EA9-3165EFBD7845}.AppStore|Any CPU.ActiveCfg = Release|Any CPU
		{3C403789-F244-4498-9EA9-3165EFBD7845}.AppStore|Any CPU.Build.0 = Release|Any CPU
		{3C403789-F244-4498-9EA9-3165EFBD7845}.AppStore|ARM.ActiveCfg = Release|Any CPU
		{3C403789-F244-4498-9EA9-3165EFBD7845}.AppStore|ARM.Build.0 = Release|Any CPU
		{3C403789-F244-4498-9EA9-3165EFBD7845}.AppStore|iPhone.ActiveCfg = Release|Any CPU
		{3C403789-F244-4498-9EA9-3165EFBD7845}.AppStore|iPhone.Build.0 = Release|Any CPU
		{3C403789-F244-4498-9EA9-3165EFBD7845}.AppStore|iPhoneSimulator.ActiveCfg = Release|Any CPU
		{3C403789-F244-4498-9EA9-3165EFBD7845}.AppStore|iPhoneSimulator.Build.0 = Release|Any CPU
		{3C403789-F244-4498-9EA9-3165EFBD7845}.AppStore|x64.ActiveCfg = Release|Any CPU
		{3C403789-F244-4498-9EA9-3165EFBD7845}.AppStore|x64.Build.0 = Release|Any CPU
		{3C403789-F244-4498-9EA9-3165EFBD7845}.AppStore|x86.ActiveCfg = Release|Any CPU
		{3C403789-F244-4498-9EA9-3165EFBD7845}.AppStore|x86.Build.0 = Release|Any CPU
		{3C403789-F244-4498-9EA9-3165EFBD7845}.Debug|Any CPU.ActiveCfg = Debug|Any CPU
		{3C403789-F244-4498-9EA9-3165EFBD7845}.Debug|Any CPU.Build.0 = Debug|Any CPU
		{3C403789-F244-4498-9EA9-3165EFBD7845}.Debug|ARM.ActiveCfg = Debug|Any CPU
		{3C403789-F244-4498-9EA9-3165EFBD7845}.Debug|ARM.Build.0 = Debug|Any CPU
		{3C403789-F244-4498-9EA9-3165EFBD7845}.Debug|iPhone.ActiveCfg = Debug|Any CPU
		{3C403789-F244-4498-9EA9-3165EFBD7845}.Debug|iPhone.Build.0 = Debug|Any CPU
		{3C403789-F244-4498-9EA9-3165EFBD7845}.Debug|iPhoneSimulator.ActiveCfg = Debug|Any CPU
		{3C403789-F244-4498-9EA9-3165EFBD7845}.Debug|iPhoneSimulator.Build.0 = Debug|Any CPU
		{3C403789-F244-4498-9EA9-3165EFBD7845}.Debug|x64.ActiveCfg = Debug|Any CPU
		{3C403789-F244-4498-9EA9-3165EFBD7845}.Debug|x64.Build.0 = Debug|Any CPU
		{3C403789-F244-4498-9EA9-3165EFBD7845}.Debug|x86.ActiveCfg = Debug|Any CPU
		{3C403789-F244-4498-9EA9-3165EFBD7845}.Debug|x86.Build.0 = Debug|Any CPU
		{3C403789-F244-4498-9EA9-3165EFBD7845}.Release|Any CPU.ActiveCfg = Release|Any CPU
		{3C403789-F244-4498-9EA9-3165EFBD7845}.Release|Any CPU.Build.0 = Release|Any CPU
		{3C403789-F244-4498-9EA9-3165EFBD7845}.Release|ARM.ActiveCfg = Release|Any CPU
		{3C403789-F244-4498-9EA9-3165EFBD7845}.Release|ARM.Build.0 = Release|Any CPU
		{3C403789-F244-4498-9EA9-3165EFBD7845}.Release|iPhone.ActiveCfg = Release|Any CPU
		{3C403789-F244-4498-9EA9-3165EFBD7845}.Release|iPhone.Build.0 = Release|Any CPU
		{3C403789-F244-4498-9EA9-3165EFBD7845}.Release|iPhoneSimulator.ActiveCfg = Release|Any CPU
		{3C403789-F244-4498-9EA9-3165EFBD7845}.Release|iPhoneSimulator.Build.0 = Release|Any CPU
		{3C403789-F244-4498-9EA9-3165EFBD7845}.Release|x64.ActiveCfg = Release|Any CPU
		{3C403789-F244-4498-9EA9-3165EFBD7845}.Release|x64.Build.0 = Release|Any CPU
		{3C403789-F244-4498-9EA9-3165EFBD7845}.Release|x86.ActiveCfg = Release|Any CPU
		{3C403789-F244-4498-9EA9-3165EFBD7845}.Release|x86.Build.0 = Release|Any CPU
		{273D99D2-C1DE-433C-8223-53D34B6B79F2}.Ad-Hoc|Any CPU.ActiveCfg = Release|x86
		{273D99D2-C1DE-433C-8223-53D34B6B79F2}.Ad-Hoc|Any CPU.Build.0 = Release|x86
		{273D99D2-C1DE-433C-8223-53D34B6B79F2}.Ad-Hoc|Any CPU.Deploy.0 = Release|x86
		{273D99D2-C1DE-433C-8223-53D34B6B79F2}.Ad-Hoc|ARM.ActiveCfg = Release|ARM
		{273D99D2-C1DE-433C-8223-53D34B6B79F2}.Ad-Hoc|ARM.Build.0 = Release|ARM
		{273D99D2-C1DE-433C-8223-53D34B6B79F2}.Ad-Hoc|ARM.Deploy.0 = Release|ARM
		{273D99D2-C1DE-433C-8223-53D34B6B79F2}.Ad-Hoc|iPhone.ActiveCfg = Release|x86
		{273D99D2-C1DE-433C-8223-53D34B6B79F2}.Ad-Hoc|iPhone.Build.0 = Release|x86
		{273D99D2-C1DE-433C-8223-53D34B6B79F2}.Ad-Hoc|iPhone.Deploy.0 = Release|x86
		{273D99D2-C1DE-433C-8223-53D34B6B79F2}.Ad-Hoc|iPhoneSimulator.ActiveCfg = Release|x86
		{273D99D2-C1DE-433C-8223-53D34B6B79F2}.Ad-Hoc|iPhoneSimulator.Build.0 = Release|x86
		{273D99D2-C1DE-433C-8223-53D34B6B79F2}.Ad-Hoc|iPhoneSimulator.Deploy.0 = Release|x86
		{273D99D2-C1DE-433C-8223-53D34B6B79F2}.Ad-Hoc|x64.ActiveCfg = Release|x64
		{273D99D2-C1DE-433C-8223-53D34B6B79F2}.Ad-Hoc|x64.Build.0 = Release|x64
		{273D99D2-C1DE-433C-8223-53D34B6B79F2}.Ad-Hoc|x64.Deploy.0 = Release|x64
		{273D99D2-C1DE-433C-8223-53D34B6B79F2}.Ad-Hoc|x86.ActiveCfg = Release|x86
		{273D99D2-C1DE-433C-8223-53D34B6B79F2}.Ad-Hoc|x86.Build.0 = Release|x86
		{273D99D2-C1DE-433C-8223-53D34B6B79F2}.Ad-Hoc|x86.Deploy.0 = Release|x86
		{273D99D2-C1DE-433C-8223-53D34B6B79F2}.AppStore|Any CPU.ActiveCfg = Release|x86
		{273D99D2-C1DE-433C-8223-53D34B6B79F2}.AppStore|Any CPU.Build.0 = Release|x86
		{273D99D2-C1DE-433C-8223-53D34B6B79F2}.AppStore|Any CPU.Deploy.0 = Release|x86
		{273D99D2-C1DE-433C-8223-53D34B6B79F2}.AppStore|ARM.ActiveCfg = Release|ARM
		{273D99D2-C1DE-433C-8223-53D34B6B79F2}.AppStore|ARM.Build.0 = Release|ARM
		{273D99D2-C1DE-433C-8223-53D34B6B79F2}.AppStore|ARM.Deploy.0 = Release|ARM
		{273D99D2-C1DE-433C-8223-53D34B6B79F2}.AppStore|iPhone.ActiveCfg = Release|x86
		{273D99D2-C1DE-433C-8223-53D34B6B79F2}.AppStore|iPhone.Build.0 = Release|x86
		{273D99D2-C1DE-433C-8223-53D34B6B79F2}.AppStore|iPhone.Deploy.0 = Release|x86
		{273D99D2-C1DE-433C-8223-53D34B6B79F2}.AppStore|iPhoneSimulator.ActiveCfg = Release|x86
		{273D99D2-C1DE-433C-8223-53D34B6B79F2}.AppStore|iPhoneSimulator.Build.0 = Release|x86
		{273D99D2-C1DE-433C-8223-53D34B6B79F2}.AppStore|iPhoneSimulator.Deploy.0 = Release|x86
		{273D99D2-C1DE-433C-8223-53D34B6B79F2}.AppStore|x64.ActiveCfg = Release|x64
		{273D99D2-C1DE-433C-8223-53D34B6B79F2}.AppStore|x64.Build.0 = Release|x64
		{273D99D2-C1DE-433C-8223-53D34B6B79F2}.AppStore|x64.Deploy.0 = Release|x64
		{273D99D2-C1DE-433C-8223-53D34B6B79F2}.AppStore|x86.ActiveCfg = Release|x86
		{273D99D2-C1DE-433C-8223-53D34B6B79F2}.AppStore|x86.Build.0 = Release|x86
		{273D99D2-C1DE-433C-8223-53D34B6B79F2}.AppStore|x86.Deploy.0 = Release|x86
		{273D99D2-C1DE-433C-8223-53D34B6B79F2}.Debug|Any CPU.ActiveCfg = Debug|x86
		{273D99D2-C1DE-433C-8223-53D34B6B79F2}.Debug|ARM.ActiveCfg = Debug|ARM
		{273D99D2-C1DE-433C-8223-53D34B6B79F2}.Debug|ARM.Build.0 = Debug|ARM
		{273D99D2-C1DE-433C-8223-53D34B6B79F2}.Debug|ARM.Deploy.0 = Debug|ARM
		{273D99D2-C1DE-433C-8223-53D34B6B79F2}.Debug|iPhone.ActiveCfg = Debug|x86
		{273D99D2-C1DE-433C-8223-53D34B6B79F2}.Debug|iPhoneSimulator.ActiveCfg = Debug|x86
		{273D99D2-C1DE-433C-8223-53D34B6B79F2}.Debug|x64.ActiveCfg = Debug|x64
		{273D99D2-C1DE-433C-8223-53D34B6B79F2}.Debug|x64.Build.0 = Debug|x64
		{273D99D2-C1DE-433C-8223-53D34B6B79F2}.Debug|x64.Deploy.0 = Debug|x64
		{273D99D2-C1DE-433C-8223-53D34B6B79F2}.Debug|x86.ActiveCfg = Debug|x86
		{273D99D2-C1DE-433C-8223-53D34B6B79F2}.Debug|x86.Build.0 = Debug|x86
		{273D99D2-C1DE-433C-8223-53D34B6B79F2}.Debug|x86.Deploy.0 = Debug|x86
		{273D99D2-C1DE-433C-8223-53D34B6B79F2}.Release|Any CPU.ActiveCfg = Release|x86
		{273D99D2-C1DE-433C-8223-53D34B6B79F2}.Release|ARM.ActiveCfg = Release|ARM
		{273D99D2-C1DE-433C-8223-53D34B6B79F2}.Release|ARM.Build.0 = Release|ARM
		{273D99D2-C1DE-433C-8223-53D34B6B79F2}.Release|ARM.Deploy.0 = Release|ARM
		{273D99D2-C1DE-433C-8223-53D34B6B79F2}.Release|iPhone.ActiveCfg = Release|x86
		{273D99D2-C1DE-433C-8223-53D34B6B79F2}.Release|iPhoneSimulator.ActiveCfg = Release|x86
		{273D99D2-C1DE-433C-8223-53D34B6B79F2}.Release|x64.ActiveCfg = Release|x64
		{273D99D2-C1DE-433C-8223-53D34B6B79F2}.Release|x64.Build.0 = Release|x64
		{273D99D2-C1DE-433C-8223-53D34B6B79F2}.Release|x64.Deploy.0 = Release|x64
		{273D99D2-C1DE-433C-8223-53D34B6B79F2}.Release|x86.ActiveCfg = Release|x86
		{273D99D2-C1DE-433C-8223-53D34B6B79F2}.Release|x86.Build.0 = Release|x86
		{273D99D2-C1DE-433C-8223-53D34B6B79F2}.Release|x86.Deploy.0 = Release|x86
		{D49A8D2B-68B5-48F4-93DE-E863B4776ECA}.Ad-Hoc|Any CPU.ActiveCfg = Ad-Hoc|iPhoneSimulator
		{D49A8D2B-68B5-48F4-93DE-E863B4776ECA}.Ad-Hoc|ARM.ActiveCfg = Ad-Hoc|iPhone
		{D49A8D2B-68B5-48F4-93DE-E863B4776ECA}.Ad-Hoc|iPhone.ActiveCfg = Ad-Hoc|iPhone
		{D49A8D2B-68B5-48F4-93DE-E863B4776ECA}.Ad-Hoc|iPhone.Build.0 = Ad-Hoc|iPhone
		{D49A8D2B-68B5-48F4-93DE-E863B4776ECA}.Ad-Hoc|iPhoneSimulator.ActiveCfg = Ad-Hoc|iPhoneSimulator
		{D49A8D2B-68B5-48F4-93DE-E863B4776ECA}.Ad-Hoc|iPhoneSimulator.Build.0 = Ad-Hoc|iPhoneSimulator
		{D49A8D2B-68B5-48F4-93DE-E863B4776ECA}.Ad-Hoc|x64.ActiveCfg = Ad-Hoc|iPhone
		{D49A8D2B-68B5-48F4-93DE-E863B4776ECA}.Ad-Hoc|x86.ActiveCfg = Ad-Hoc|iPhone
		{D49A8D2B-68B5-48F4-93DE-E863B4776ECA}.AppStore|Any CPU.ActiveCfg = AppStore|iPhoneSimulator
		{D49A8D2B-68B5-48F4-93DE-E863B4776ECA}.AppStore|ARM.ActiveCfg = AppStore|iPhone
		{D49A8D2B-68B5-48F4-93DE-E863B4776ECA}.AppStore|iPhone.ActiveCfg = AppStore|iPhone
		{D49A8D2B-68B5-48F4-93DE-E863B4776ECA}.AppStore|iPhone.Build.0 = AppStore|iPhone
		{D49A8D2B-68B5-48F4-93DE-E863B4776ECA}.AppStore|iPhoneSimulator.ActiveCfg = AppStore|iPhoneSimulator
		{D49A8D2B-68B5-48F4-93DE-E863B4776ECA}.AppStore|iPhoneSimulator.Build.0 = AppStore|iPhoneSimulator
		{D49A8D2B-68B5-48F4-93DE-E863B4776ECA}.AppStore|x64.ActiveCfg = AppStore|iPhone
		{D49A8D2B-68B5-48F4-93DE-E863B4776ECA}.AppStore|x86.ActiveCfg = AppStore|iPhone
		{D49A8D2B-68B5-48F4-93DE-E863B4776ECA}.Debug|Any CPU.ActiveCfg = Debug|iPhoneSimulator
		{D49A8D2B-68B5-48F4-93DE-E863B4776ECA}.Debug|ARM.ActiveCfg = Debug|iPhone
		{D49A8D2B-68B5-48F4-93DE-E863B4776ECA}.Debug|iPhone.ActiveCfg = Debug|iPhone
		{D49A8D2B-68B5-48F4-93DE-E863B4776ECA}.Debug|iPhone.Build.0 = Debug|iPhone
		{D49A8D2B-68B5-48F4-93DE-E863B4776ECA}.Debug|iPhoneSimulator.ActiveCfg = Debug|iPhoneSimulator
		{D49A8D2B-68B5-48F4-93DE-E863B4776ECA}.Debug|iPhoneSimulator.Build.0 = Debug|iPhoneSimulator
		{D49A8D2B-68B5-48F4-93DE-E863B4776ECA}.Debug|x64.ActiveCfg = Debug|iPhone
		{D49A8D2B-68B5-48F4-93DE-E863B4776ECA}.Debug|x86.ActiveCfg = Debug|iPhone
		{D49A8D2B-68B5-48F4-93DE-E863B4776ECA}.Release|Any CPU.ActiveCfg = Release|iPhoneSimulator
		{D49A8D2B-68B5-48F4-93DE-E863B4776ECA}.Release|ARM.ActiveCfg = Release|iPhone
		{D49A8D2B-68B5-48F4-93DE-E863B4776ECA}.Release|iPhone.ActiveCfg = Release|iPhone
		{D49A8D2B-68B5-48F4-93DE-E863B4776ECA}.Release|iPhone.Build.0 = Release|iPhone
		{D49A8D2B-68B5-48F4-93DE-E863B4776ECA}.Release|iPhoneSimulator.ActiveCfg = Release|iPhoneSimulator
		{D49A8D2B-68B5-48F4-93DE-E863B4776ECA}.Release|iPhoneSimulator.Build.0 = Release|iPhoneSimulator
		{D49A8D2B-68B5-48F4-93DE-E863B4776ECA}.Release|x64.ActiveCfg = Release|iPhone
		{D49A8D2B-68B5-48F4-93DE-E863B4776ECA}.Release|x86.ActiveCfg = Release|iPhone
	EndGlobalSection
	GlobalSection(SolutionProperties) = preSolution
		HideSolutionNode = FALSE
	EndGlobalSection
	GlobalSection(ExtensibilityGlobals) = postSolution
		SolutionGuid = {5CA81342-9B93-44AA-A75A-1259D004617F}
	EndGlobalSection
EndGlobal
