
Microsoft Visual Studio Solution File, Format Version 12.00
# Visual Studio 15
VisualStudioVersion = 15.0.27004.2005
MinimumVisualStudioVersion = 10.0.40219.1
Project("{D954291E-2A0B-460D-934E-DC6B0785DB48}") = "App3", "App3\App3\App3.shproj", "{E705E62B-E24F-4C70-A536-37926DF14F3F}"
EndProject
Project("{FAE04EC0-301F-11D3-BF4B-00C04F79EFBC}") = "App3.Android", "App3\App3.Android\App3.Android.csproj", "{5D86BB7D-6905-4330-A0A6-FFD77CF12A53}"
EndProject
Project("{FAE04EC0-301F-11D3-BF4B-00C04F79EFBC}") = "App3.iOS", "App3\App3.iOS\App3.iOS.csproj", "{49F751A1-2296-4ABA-B557-E7554387A757}"
EndProject
Project("{FAE04EC0-301F-11D3-BF4B-00C04F79EFBC}") = "App3.UWP", "App3\App3.UWP\App3.UWP.csproj", "{74A005E9-FE82-4B07-94A6-B9BD65C6AA51}"
EndProject
Global
	GlobalSection(SharedMSBuildProjectFiles) = preSolution
		App3\App3\App3.projitems*{49f751a1-2296-4aba-b557-e7554387a757}*SharedItemsImports = 4
		App3\App3\App3.projitems*{5d86bb7d-6905-4330-a0a6-ffd77cf12a53}*SharedItemsImports = 4
		App3\App3\App3.projitems*{e705e62b-e24f-4c70-a536-37926df14f3f}*SharedItemsImports = 13
	EndGlobalSection
	GlobalSection(SolutionConfigurationPlatforms) = preSolution
		Ad-Hoc|Any CPU = Ad-Hoc|Any CPU
		Ad-Hoc|ARM = Ad-Hoc|ARM
		Ad-Hoc|iPhone = Ad-Hoc|iPhone
		Ad-Hoc|iPhoneSimulator = Ad-Hoc|iPhoneSimulator
		Ad-Hoc|x64 = Ad-Hoc|x64
		Ad-Hoc|x86 = Ad-Hoc|x86
		AppStore|Any CPU = AppStore|Any CPU
		AppStore|ARM = AppStore|ARM
		AppStore|iPhone = AppStore|iPhone
		AppStore|iPhoneSimulator = AppStore|iPhoneSimulator
		AppStore|x64 = AppStore|x64
		AppStore|x86 = AppStore|x86
		Debug|Any CPU = Debug|Any CPU
		Debug|ARM = Debug|ARM
		Debug|iPhone = Debug|iPhone
		Debug|iPhoneSimulator = Debug|iPhoneSimulator
		Debug|x64 = Debug|x64
		Debug|x86 = Debug|x86
		Release|Any CPU = Release|Any CPU
		Release|ARM = Release|ARM
		Release|iPhone = Release|iPhone
		Release|iPhoneSimulator = Release|iPhoneSimulator
		Release|x64 = Release|x64
		Release|x86 = Release|x86
	EndGlobalSection
	GlobalSection(ProjectConfigurationPlatforms) = postSolution
		{5D86BB7D-6905-4330-A0A6-FFD77CF12A53}.Ad-Hoc|Any CPU.ActiveCfg = Release|Any CPU
		{5D86BB7D-6905-4330-A0A6-FFD77CF12A53}.Ad-Hoc|Any CPU.Build.0 = Release|Any CPU
		{5D86BB7D-6905-4330-A0A6-FFD77CF12A53}.Ad-Hoc|Any CPU.Deploy.0 = Release|Any CPU
		{5D86BB7D-6905-4330-A0A6-FFD77CF12A53}.Ad-Hoc|ARM.ActiveCfg = Release|Any CPU
		{5D86BB7D-6905-4330-A0A6-FFD77CF12A53}.Ad-Hoc|ARM.Build.0 = Release|Any CPU
		{5D86BB7D-6905-4330-A0A6-FFD77CF12A53}.Ad-Hoc|ARM.Deploy.0 = Release|Any CPU
		{5D86BB7D-6905-4330-A0A6-FFD77CF12A53}.Ad-Hoc|iPhone.ActiveCfg = Release|Any CPU
		{5D86BB7D-6905-4330-A0A6-FFD77CF12A53}.Ad-Hoc|iPhone.Build.0 = Release|Any CPU
		{5D86BB7D-6905-4330-A0A6-FFD77CF12A53}.Ad-Hoc|iPhone.Deploy.0 = Release|Any CPU
		{5D86BB7D-6905-4330-A0A6-FFD77CF12A53}.Ad-Hoc|iPhoneSimulator.ActiveCfg = Release|Any CPU
		{5D86BB7D-6905-4330-A0A6-FFD77CF12A53}.Ad-Hoc|iPhoneSimulator.Build.0 = Release|Any CPU
		{5D86BB7D-6905-4330-A0A6-FFD77CF12A53}.Ad-Hoc|iPhoneSimulator.Deploy.0 = Release|Any CPU
		{5D86BB7D-6905-4330-A0A6-FFD77CF12A53}.Ad-Hoc|x64.ActiveCfg = Release|Any CPU
		{5D86BB7D-6905-4330-A0A6-FFD77CF12A53}.Ad-Hoc|x64.Build.0 = Release|Any CPU
		{5D86BB7D-6905-4330-A0A6-FFD77CF12A53}.Ad-Hoc|x64.Deploy.0 = Release|Any CPU
		{5D86BB7D-6905-4330-A0A6-FFD77CF12A53}.Ad-Hoc|x86.ActiveCfg = Release|Any CPU
		{5D86BB7D-6905-4330-A0A6-FFD77CF12A53}.Ad-Hoc|x86.Build.0 = Release|Any CPU
		{5D86BB7D-6905-4330-A0A6-FFD77CF12A53}.Ad-Hoc|x86.Deploy.0 = Release|Any CPU
		{5D86BB7D-6905-4330-A0A6-FFD77CF12A53}.AppStore|Any CPU.ActiveCfg = Release|Any CPU
		{5D86BB7D-6905-4330-A0A6-FFD77CF12A53}.AppStore|Any CPU.Build.0 = Release|Any CPU
		{5D86BB7D-6905-4330-A0A6-FFD77CF12A53}.AppStore|Any CPU.Deploy.0 = Release|Any CPU
		{5D86BB7D-6905-4330-A0A6-FFD77CF12A53}.AppStore|ARM.ActiveCfg = Release|Any CPU
		{5D86BB7D-6905-4330-A0A6-FFD77CF12A53}.AppStore|ARM.Build.0 = Release|Any CPU
		{5D86BB7D-6905-4330-A0A6-FFD77CF12A53}.AppStore|ARM.Deploy.0 = Release|Any CPU
		{5D86BB7D-6905-4330-A0A6-FFD77CF12A53}.AppStore|iPhone.ActiveCfg = Release|Any CPU
		{5D86BB7D-6905-4330-A0A6-FFD77CF12A53}.AppStore|iPhone.Build.0 = Release|Any CPU
		{5D86BB7D-6905-4330-A0A6-FFD77CF12A53}.AppStore|iPhone.Deploy.0 = Release|Any CPU
		{5D86BB7D-6905-4330-A0A6-FFD77CF12A53}.AppStore|iPhoneSimulator.ActiveCfg = Release|Any CPU
		{5D86BB7D-6905-4330-A0A6-FFD77CF12A53}.AppStore|iPhoneSimulator.Build.0 = Release|Any CPU
		{5D86BB7D-6905-4330-A0A6-FFD77CF12A53}.AppStore|iPhoneSimulator.Deploy.0 = Release|Any CPU
		{5D86BB7D-6905-4330-A0A6-FFD77CF12A53}.AppStore|x64.ActiveCfg = Release|Any CPU
		{5D86BB7D-6905-4330-A0A6-FFD77CF12A53}.AppStore|x64.Build.0 = Release|Any CPU
		{5D86BB7D-6905-4330-A0A6-FFD77CF12A53}.AppStore|x64.Deploy.0 = Release|Any CPU
		{5D86BB7D-6905-4330-A0A6-FFD77CF12A53}.AppStore|x86.ActiveCfg = Release|Any CPU
		{5D86BB7D-6905-4330-A0A6-FFD77CF12A53}.AppStore|x86.Build.0 = Release|Any CPU
		{5D86BB7D-6905-4330-A0A6-FFD77CF12A53}.AppStore|x86.Deploy.0 = Release|Any CPU
		{5D86BB7D-6905-4330-A0A6-FFD77CF12A53}.Debug|Any CPU.ActiveCfg = Debug|Any CPU
		{5D86BB7D-6905-4330-A0A6-FFD77CF12A53}.Debug|Any CPU.Build.0 = Debug|Any CPU
		{5D86BB7D-6905-4330-A0A6-FFD77CF12A53}.Debug|Any CPU.Deploy.0 = Debug|Any CPU
		{5D86BB7D-6905-4330-A0A6-FFD77CF12A53}.Debug|ARM.ActiveCfg = Debug|Any CPU
		{5D86BB7D-6905-4330-A0A6-FFD77CF12A53}.Debug|ARM.Build.0 = Debug|Any CPU
		{5D86BB7D-6905-4330-A0A6-FFD77CF12A53}.Debug|ARM.Deploy.0 = Debug|Any CPU
		{5D86BB7D-6905-4330-A0A6-FFD77CF12A53}.Debug|iPhone.ActiveCfg = Debug|Any CPU
		{5D86BB7D-6905-4330-A0A6-FFD77CF12A53}.Debug|iPhone.Build.0 = Debug|Any CPU
		{5D86BB7D-6905-4330-A0A6-FFD77CF12A53}.Debug|iPhone.Deploy.0 = Debug|Any CPU
		{5D86BB7D-6905-4330-A0A6-FFD77CF12A53}.Debug|iPhoneSimulator.ActiveCfg = Debug|Any CPU
		{5D86BB7D-6905-4330-A0A6-FFD77CF12A53}.Debug|iPhoneSimulator.Build.0 = Debug|Any CPU
		{5D86BB7D-6905-4330-A0A6-FFD77CF12A53}.Debug|iPhoneSimulator.Deploy.0 = Debug|Any CPU
		{5D86BB7D-6905-4330-A0A6-FFD77CF12A53}.Debug|x64.ActiveCfg = Debug|Any CPU
		{5D86BB7D-6905-4330-A0A6-FFD77CF12A53}.Debug|x64.Build.0 = Debug|Any CPU
		{5D86BB7D-6905-4330-A0A6-FFD77CF12A53}.Debug|x64.Deploy.0 = Debug|Any CPU
		{5D86BB7D-6905-4330-A0A6-FFD77CF12A53}.Debug|x86.ActiveCfg = Debug|Any CPU
		{5D86BB7D-6905-4330-A0A6-FFD77CF12A53}.Debug|x86.Build.0 = Debug|Any CPU
		{5D86BB7D-6905-4330-A0A6-FFD77CF12A53}.Debug|x86.Deploy.0 = Debug|Any CPU
		{5D86BB7D-6905-4330-A0A6-FFD77CF12A53}.Release|Any CPU.ActiveCfg = Release|Any CPU
		{5D86BB7D-6905-4330-A0A6-FFD77CF12A53}.Release|Any CPU.Build.0 = Release|Any CPU
		{5D86BB7D-6905-4330-A0A6-FFD77CF12A53}.Release|Any CPU.Deploy.0 = Release|Any CPU
		{5D86BB7D-6905-4330-A0A6-FFD77CF12A53}.Release|ARM.ActiveCfg = Release|Any CPU
		{5D86BB7D-6905-4330-A0A6-FFD77CF12A53}.Release|ARM.Build.0 = Release|Any CPU
		{5D86BB7D-6905-4330-A0A6-FFD77CF12A53}.Release|ARM.Deploy.0 = Release|Any CPU
		{5D86BB7D-6905-4330-A0A6-FFD77CF12A53}.Release|iPhone.ActiveCfg = Release|Any CPU
		{5D86BB7D-6905-4330-A0A6-FFD77CF12A53}.Release|iPhone.Build.0 = Release|Any CPU
		{5D86BB7D-6905-4330-A0A6-FFD77CF12A53}.Release|iPhone.Deploy.0 = Release|Any CPU
		{5D86BB7D-6905-4330-A0A6-FFD77CF12A53}.Release|iPhoneSimulator.ActiveCfg = Release|Any CPU
		{5D86BB7D-6905-4330-A0A6-FFD77CF12A53}.Release|iPhoneSimulator.Build.0 = Release|Any CPU
		{5D86BB7D-6905-4330-A0A6-FFD77CF12A53}.Release|iPhoneSimulator.Deploy.0 = Release|Any CPU
		{5D86BB7D-6905-4330-A0A6-FFD77CF12A53}.Release|x64.ActiveCfg = Release|Any CPU
		{5D86BB7D-6905-4330-A0A6-FFD77CF12A53}.Release|x64.Build.0 = Release|Any CPU
		{5D86BB7D-6905-4330-A0A6-FFD77CF12A53}.Release|x64.Deploy.0 = Release|Any CPU
		{5D86BB7D-6905-4330-A0A6-FFD77CF12A53}.Release|x86.ActiveCfg = Release|Any CPU
		{5D86BB7D-6905-4330-A0A6-FFD77CF12A53}.Release|x86.Build.0 = Release|Any CPU
		{5D86BB7D-6905-4330-A0A6-FFD77CF12A53}.Release|x86.Deploy.0 = Release|Any CPU
		{49F751A1-2296-4ABA-B557-E7554387A757}.Ad-Hoc|Any CPU.ActiveCfg = Ad-Hoc|iPhoneSimulator
		{49F751A1-2296-4ABA-B557-E7554387A757}.Ad-Hoc|ARM.ActiveCfg = Ad-Hoc|iPhone
		{49F751A1-2296-4ABA-B557-E7554387A757}.Ad-Hoc|iPhone.ActiveCfg = Ad-Hoc|iPhone
		{49F751A1-2296-4ABA-B557-E7554387A757}.Ad-Hoc|iPhone.Build.0 = Ad-Hoc|iPhone
		{49F751A1-2296-4ABA-B557-E7554387A757}.Ad-Hoc|iPhoneSimulator.ActiveCfg = Ad-Hoc|iPhoneSimulator
		{49F751A1-2296-4ABA-B557-E7554387A757}.Ad-Hoc|iPhoneSimulator.Build.0 = Ad-Hoc|iPhoneSimulator
		{49F751A1-2296-4ABA-B557-E7554387A757}.Ad-Hoc|x64.ActiveCfg = Ad-Hoc|iPhone
		{49F751A1-2296-4ABA-B557-E7554387A757}.Ad-Hoc|x86.ActiveCfg = Ad-Hoc|iPhone
		{49F751A1-2296-4ABA-B557-E7554387A757}.AppStore|Any CPU.ActiveCfg = AppStore|iPhoneSimulator
		{49F751A1-2296-4ABA-B557-E7554387A757}.AppStore|ARM.ActiveCfg = AppStore|iPhone
		{49F751A1-2296-4ABA-B557-E7554387A757}.AppStore|iPhone.ActiveCfg = AppStore|iPhone
		{49F751A1-2296-4ABA-B557-E7554387A757}.AppStore|iPhone.Build.0 = AppStore|iPhone
		{49F751A1-2296-4ABA-B557-E7554387A757}.AppStore|iPhoneSimulator.ActiveCfg = AppStore|iPhoneSimulator
		{49F751A1-2296-4ABA-B557-E7554387A757}.AppStore|iPhoneSimulator.Build.0 = AppStore|iPhoneSimulator
		{49F751A1-2296-4ABA-B557-E7554387A757}.AppStore|x64.ActiveCfg = AppStore|iPhone
		{49F751A1-2296-4ABA-B557-E7554387A757}.AppStore|x86.ActiveCfg = AppStore|iPhone
		{49F751A1-2296-4ABA-B557-E7554387A757}.Debug|Any CPU.ActiveCfg = Debug|iPhoneSimulator
		{49F751A1-2296-4ABA-B557-E7554387A757}.Debug|ARM.ActiveCfg = Debug|iPhone
		{49F751A1-2296-4ABA-B557-E7554387A757}.Debug|iPhone.ActiveCfg = Debug|iPhone
		{49F751A1-2296-4ABA-B557-E7554387A757}.Debug|iPhone.Build.0 = Debug|iPhone
		{49F751A1-2296-4ABA-B557-E7554387A757}.Debug|iPhoneSimulator.ActiveCfg = Debug|iPhoneSimulator
		{49F751A1-2296-4ABA-B557-E7554387A757}.Debug|iPhoneSimulator.Build.0 = Debug|iPhoneSimulator
		{49F751A1-2296-4ABA-B557-E7554387A757}.Debug|x64.ActiveCfg = Debug|iPhone
		{49F751A1-2296-4ABA-B557-E7554387A757}.Debug|x86.ActiveCfg = Debug|iPhone
		{49F751A1-2296-4ABA-B557-E7554387A757}.Release|Any CPU.ActiveCfg = Release|iPhoneSimulator
		{49F751A1-2296-4ABA-B557-E7554387A757}.Release|ARM.ActiveCfg = Release|iPhone
		{49F751A1-2296-4ABA-B557-E7554387A757}.Release|iPhone.ActiveCfg = Release|iPhone
		{49F751A1-2296-4ABA-B557-E7554387A757}.Release|iPhone.Build.0 = Release|iPhone
		{49F751A1-2296-4ABA-B557-E7554387A757}.Release|iPhoneSimulator.ActiveCfg = Release|iPhoneSimulator
		{49F751A1-2296-4ABA-B557-E7554387A757}.Release|iPhoneSimulator.Build.0 = Release|iPhoneSimulator
		{49F751A1-2296-4ABA-B557-E7554387A757}.Release|x64.ActiveCfg = Release|iPhone
		{49F751A1-2296-4ABA-B557-E7554387A757}.Release|x86.ActiveCfg = Release|iPhone
		{74A005E9-FE82-4B07-94A6-B9BD65C6AA51}.Ad-Hoc|Any CPU.ActiveCfg = Release|x86
		{74A005E9-FE82-4B07-94A6-B9BD65C6AA51}.Ad-Hoc|Any CPU.Build.0 = Release|x86
		{74A005E9-FE82-4B07-94A6-B9BD65C6AA51}.Ad-Hoc|Any CPU.Deploy.0 = Release|x86
		{74A005E9-FE82-4B07-94A6-B9BD65C6AA51}.Ad-Hoc|ARM.ActiveCfg = Release|ARM
		{74A005E9-FE82-4B07-94A6-B9BD65C6AA51}.Ad-Hoc|ARM.Build.0 = Release|ARM
		{74A005E9-FE82-4B07-94A6-B9BD65C6AA51}.Ad-Hoc|ARM.Deploy.0 = Release|ARM
		{74A005E9-FE82-4B07-94A6-B9BD65C6AA51}.Ad-Hoc|iPhone.ActiveCfg = Release|x86
		{74A005E9-FE82-4B07-94A6-B9BD65C6AA51}.Ad-Hoc|iPhone.Build.0 = Release|x86
		{74A005E9-FE82-4B07-94A6-B9BD65C6AA51}.Ad-Hoc|iPhone.Deploy.0 = Release|x86
		{74A005E9-FE82-4B07-94A6-B9BD65C6AA51}.Ad-Hoc|iPhoneSimulator.ActiveCfg = Release|x86
		{74A005E9-FE82-4B07-94A6-B9BD65C6AA51}.Ad-Hoc|iPhoneSimulator.Build.0 = Release|x86
		{74A005E9-FE82-4B07-94A6-B9BD65C6AA51}.Ad-Hoc|iPhoneSimulator.Deploy.0 = Release|x86
		{74A005E9-FE82-4B07-94A6-B9BD65C6AA51}.Ad-Hoc|x64.ActiveCfg = Release|x64
		{74A005E9-FE82-4B07-94A6-B9BD65C6AA51}.Ad-Hoc|x64.Build.0 = Release|x64
		{74A005E9-FE82-4B07-94A6-B9BD65C6AA51}.Ad-Hoc|x64.Deploy.0 = Release|x64
		{74A005E9-FE82-4B07-94A6-B9BD65C6AA51}.Ad-Hoc|x86.ActiveCfg = Release|x86
		{74A005E9-FE82-4B07-94A6-B9BD65C6AA51}.Ad-Hoc|x86.Build.0 = Release|x86
		{74A005E9-FE82-4B07-94A6-B9BD65C6AA51}.Ad-Hoc|x86.Deploy.0 = Release|x86
		{74A005E9-FE82-4B07-94A6-B9BD65C6AA51}.AppStore|Any CPU.ActiveCfg = Release|x86
		{74A005E9-FE82-4B07-94A6-B9BD65C6AA51}.AppStore|Any CPU.Build.0 = Release|x86
		{74A005E9-FE82-4B07-94A6-B9BD65C6AA51}.AppStore|Any CPU.Deploy.0 = Release|x86
		{74A005E9-FE82-4B07-94A6-B9BD65C6AA51}.AppStore|ARM.ActiveCfg = Release|ARM
		{74A005E9-FE82-4B07-94A6-B9BD65C6AA51}.AppStore|ARM.Build.0 = Release|ARM
		{74A005E9-FE82-4B07-94A6-B9BD65C6AA51}.AppStore|ARM.Deploy.0 = Release|ARM
		{74A005E9-FE82-4B07-94A6-B9BD65C6AA51}.AppStore|iPhone.ActiveCfg = Release|x86
		{74A005E9-FE82-4B07-94A6-B9BD65C6AA51}.AppStore|iPhone.Build.0 = Release|x86
		{74A005E9-FE82-4B07-94A6-B9BD65C6AA51}.AppStore|iPhone.Deploy.0 = Release|x86
		{74A005E9-FE82-4B07-94A6-B9BD65C6AA51}.AppStore|iPhoneSimulator.ActiveCfg = Release|x86
		{74A005E9-FE82-4B07-94A6-B9BD65C6AA51}.AppStore|iPhoneSimulator.Build.0 = Release|x86
		{74A005E9-FE82-4B07-94A6-B9BD65C6AA51}.AppStore|iPhoneSimulator.Deploy.0 = Release|x86
		{74A005E9-FE82-4B07-94A6-B9BD65C6AA51}.AppStore|x64.ActiveCfg = Release|x64
		{74A005E9-FE82-4B07-94A6-B9BD65C6AA51}.AppStore|x64.Build.0 = Release|x64
		{74A005E9-FE82-4B07-94A6-B9BD65C6AA51}.AppStore|x64.Deploy.0 = Release|x64
		{74A005E9-FE82-4B07-94A6-B9BD65C6AA51}.AppStore|x86.ActiveCfg = Release|x86
		{74A005E9-FE82-4B07-94A6-B9BD65C6AA51}.AppStore|x86.Build.0 = Release|x86
		{74A005E9-FE82-4B07-94A6-B9BD65C6AA51}.AppStore|x86.Deploy.0 = Release|x86
		{74A005E9-FE82-4B07-94A6-B9BD65C6AA51}.Debug|Any CPU.ActiveCfg = Debug|x86
		{74A005E9-FE82-4B07-94A6-B9BD65C6AA51}.Debug|ARM.ActiveCfg = Debug|ARM
		{74A005E9-FE82-4B07-94A6-B9BD65C6AA51}.Debug|ARM.Build.0 = Debug|ARM
		{74A005E9-FE82-4B07-94A6-B9BD65C6AA51}.Debug|ARM.Deploy.0 = Debug|ARM
		{74A005E9-FE82-4B07-94A6-B9BD65C6AA51}.Debug|iPhone.ActiveCfg = Debug|x86
		{74A005E9-FE82-4B07-94A6-B9BD65C6AA51}.Debug|iPhoneSimulator.ActiveCfg = Debug|x86
		{74A005E9-FE82-4B07-94A6-B9BD65C6AA51}.Debug|x64.ActiveCfg = Debug|x64
		{74A005E9-FE82-4B07-94A6-B9BD65C6AA51}.Debug|x64.Build.0 = Debug|x64
		{74A005E9-FE82-4B07-94A6-B9BD65C6AA51}.Debug|x64.Deploy.0 = Debug|x64
		{74A005E9-FE82-4B07-94A6-B9BD65C6AA51}.Debug|x86.ActiveCfg = Debug|x86
		{74A005E9-FE82-4B07-94A6-B9BD65C6AA51}.Debug|x86.Build.0 = Debug|x86
		{74A005E9-FE82-4B07-94A6-B9BD65C6AA51}.Debug|x86.Deploy.0 = Debug|x86
		{74A005E9-FE82-4B07-94A6-B9BD65C6AA51}.Release|Any CPU.ActiveCfg = Release|x86
		{74A005E9-FE82-4B07-94A6-B9BD65C6AA51}.Release|ARM.ActiveCfg = Release|ARM
		{74A005E9-FE82-4B07-94A6-B9BD65C6AA51}.Release|ARM.Build.0 = Release|ARM
		{74A005E9-FE82-4B07-94A6-B9BD65C6AA51}.Release|ARM.Deploy.0 = Release|ARM
		{74A005E9-FE82-4B07-94A6-B9BD65C6AA51}.Release|iPhone.ActiveCfg = Release|x86
		{74A005E9-FE82-4B07-94A6-B9BD65C6AA51}.Release|iPhoneSimulator.ActiveCfg = Release|x86
		{74A005E9-FE82-4B07-94A6-B9BD65C6AA51}.Release|x64.ActiveCfg = Release|x64
		{74A005E9-FE82-4B07-94A6-B9BD65C6AA51}.Release|x64.Build.0 = Release|x64
		{74A005E9-FE82-4B07-94A6-B9BD65C6AA51}.Release|x64.Deploy.0 = Release|x64
		{74A005E9-FE82-4B07-94A6-B9BD65C6AA51}.Release|x86.ActiveCfg = Release|x86
		{74A005E9-FE82-4B07-94A6-B9BD65C6AA51}.Release|x86.Build.0 = Release|x86
		{74A005E9-FE82-4B07-94A6-B9BD65C6AA51}.Release|x86.Deploy.0 = Release|x86
	EndGlobalSection
	GlobalSection(SolutionProperties) = preSolution
		HideSolutionNode = FALSE
	EndGlobalSection
	GlobalSection(ExtensibilityGlobals) = postSolution
		SolutionGuid = {00765C4E-2B17-4E62-9650-F6AC54A39A56}
	EndGlobalSection
EndGlobal
