
Microsoft Visual Studio Solution File, Format Version 12.00
# Visual Studio 15
VisualStudioVersion = 15.0.26730.12
MinimumVisualStudioVersion = 10.0.40219.1
Project("{FAE04EC0-301F-11D3-BF4B-00C04F79EFBC}") = "PocJson", "PocJson\PocJson.csproj", "{8C52020E-2B9E-4544-BCEC-701E1A9A697D}"
EndProject
Global
	GlobalSection(SolutionConfigurationPlatforms) = preSolution
		Debug|Any CPU = Debug|Any CPU
		Release|Any CPU = Release|Any CPU
	EndGlobalSection
	GlobalSection(ProjectConfigurationPlatforms) = postSolution
		{8C52020E-2B9E-4544-BCEC-701E1A9A697D}.Debug|Any CPU.ActiveCfg = Debug|Any CPU
		{8C52020E-2B9E-4544-BCEC-701E1A9A697D}.Debug|Any CPU.Build.0 = Debug|Any CPU
		{8C52020E-2B9E-4544-BCEC-701E1A9A697D}.Release|Any CPU.ActiveCfg = Release|Any CPU
		{8C52020E-2B9E-4544-BCEC-701E1A9A697D}.Release|Any CPU.Build.0 = Release|Any CPU
	EndGlobalSection
	GlobalSection(SolutionProperties) = preSolution
		HideSolutionNode = FALSE
	EndGlobalSection
	GlobalSection(ExtensibilityGlobals) = postSolution
		SolutionGuid = {541796EA-3350-47F3-BE79-04BACB3C72E9}
	EndGlobalSection
EndGlobal
